NeoBundleLock ag.vim 4a0dd6e190f446e5a016b44fdaa2feafc582918e
NeoBundleLock ctrlp-funky 3f29ad2bd6484d3bf12e9585040e47cfc7bba098
NeoBundleLock ctrlp.vim 44c8e24956d7dcfee3ee6083a0573fed31d136ed
NeoBundleLock indentLine bb548a975ebe4576073ca025eeb2743b4465ce1d
NeoBundleLock lightline.vim 6daec38c1da2cbfae43d4d0d67f6a4fa7680c2b5
NeoBundleLock molokai c67bdfcdb31415aa0ade7f8c003261700a885476
NeoBundleLock neobundle.vim 1306c131ff0a6cc094b7ff0727350e442b5427f1
NeoBundleLock nerdtree 1ab85e33bef8763a618c505ee5a0611519f81e5a
NeoBundleLock syntastic 39b35b23b952d620b8ec7cabb13110f586663837
NeoBundleLock syntastic-local-eslint.vim 5d6a68121c0d2e2727122a0f10b6b01f40666c10
NeoBundleLock vim-ctrlp-commandline ac3ea874c0d472b2813292dc8e9f06ce08f9c0ed
NeoBundleLock vim-trailing-whitespace 6b7cdecff252474fe560d32c6f05641f3c5952c7
